{
  "version": 4,
  "terraform_version": "1.5.6",
  "serial": 22,
  "lineage": "721c1573-4e7d-093d-d2d6-31770ac53698",
  "outputs": {},
  "resources": [
    {
      "mode": "managed",
      "type": "azurerm_network_interface",
      "name": "my_terraform_nic",
      "provider": "provider[\"registry.terraform.io/hashicorp/azurerm\"]",
      "instances": [
        {
          "schema_version": 0,
          "attributes": {
            "applied_dns_servers": [],
            "auxiliary_mode": "",
            "auxiliary_sku": "",
            "dns_servers": [],
            "edge_zone": "",
            "enable_accelerated_networking": false,
            "enable_ip_forwarding": false,
            "id": "/subscriptions/ab7291ac-0cbb-4907-8bfb-50df9aef8661/resourceGroups/win-vm-iis-tuna-rg/providers/Microsoft.Network/networkInterfaces/win-vm-iis-tuna-nic",
            "internal_dns_name_label": "",
            "internal_domain_name_suffix": "of42rz0akyqe3irgf5tzs4qrbe.ax.internal.cloudapp.net",
            "ip_configuration": [
              {
                "gateway_load_balancer_frontend_ip_configuration_id": "",
                "name": "my_nic_configuration",
                "primary": true,
                "private_ip_address": "10.0.1.4",
                "private_ip_address_allocation": "Dynamic",
                "private_ip_address_version": "IPv4",
                "public_ip_address_id": "/subscriptions/ab7291ac-0cbb-4907-8bfb-50df9aef8661/resourceGroups/win-vm-iis-tuna-rg/providers/Microsoft.Network/publicIPAddresses/win-vm-iis-tuna-public-ip",
                "subnet_id": "/subscriptions/ab7291ac-0cbb-4907-8bfb-50df9aef8661/resourceGroups/win-vm-iis-tuna-rg/providers/Microsoft.Network/virtualNetworks/win-vm-iis-tuna-vnet/subnets/win-vm-iis-tuna-subnet"
              }
            ],
            "location": "westeurope",
            "mac_address": "00-0D-3A-2A-52-F9",
            "name": "win-vm-iis-tuna-nic",
            "private_ip_address": "10.0.1.4",
            "private_ip_addresses": [
              "10.0.1.4"
            ],
            "resource_group_name": "win-vm-iis-tuna-rg",
            "tags": {},
            "timeouts": null,
            "virtual_machine_id": "/subscriptions/ab7291ac-0cbb-4907-8bfb-50df9aef8661/resourceGroups/win-vm-iis-tuna-rg/providers/Microsoft.Compute/virtualMachines/win-vm-iis-vm"
          },
          "sensitive_attributes": [],
          "private": "eyJlMmJmYjczMC1lY2FhLTExZTYtOGY4OC0zNDM2M2JjN2M0YzAiOnsiY3JlYXRlIjoxODAwMDAwMDAwMDAwLCJkZWxldGUiOjE4MDAwMDAwMDAwMDAsInJlYWQiOjMwMDAwMDAwMDAwMCwidXBkYXRlIjoxODAwMDAwMDAwMDAwfX0=",
          "dependencies": [
            "azurerm_public_ip.my_terraform_public_ip",
            "azurerm_resource_group.rg",
            "azurerm_subnet.my_terraform_subnet",
            "azurerm_virtual_network.my_terraform_network",
            "random_pet.prefix"
          ]
        }
      ]
    },
    {
      "mode": "managed",
      "type": "azurerm_network_interface_security_group_association",
      "name": "example",
      "provider": "provider[\"registry.terraform.io/hashicorp/azurerm\"]",
      "instances": [
        {
          "schema_version": 0,
          "attributes": {
            "id": "/subscriptions/ab7291ac-0cbb-4907-8bfb-50df9aef8661/resourceGroups/win-vm-iis-tuna-rg/providers/Microsoft.Network/networkInterfaces/win-vm-iis-tuna-nic|/subscriptions/ab7291ac-0cbb-4907-8bfb-50df9aef8661/resourceGroups/win-vm-iis-tuna-rg/providers/Microsoft.Network/networkSecurityGroups/win-vm-iis-tuna-nsg",
            "network_interface_id": "/subscriptions/ab7291ac-0cbb-4907-8bfb-50df9aef8661/resourceGroups/win-vm-iis-tuna-rg/providers/Microsoft.Network/networkInterfaces/win-vm-iis-tuna-nic",
            "network_security_group_id": "/subscriptions/ab7291ac-0cbb-4907-8bfb-50df9aef8661/resourceGroups/win-vm-iis-tuna-rg/providers/Microsoft.Network/networkSecurityGroups/win-vm-iis-tuna-nsg",
            "timeouts": null
          },
          "sensitive_attributes": [],
          "private": "eyJlMmJmYjczMC1lY2FhLTExZTYtOGY4OC0zNDM2M2JjN2M0YzAiOnsiY3JlYXRlIjoxODAwMDAwMDAwMDAwLCJkZWxldGUiOjE4MDAwMDAwMDAwMDAsInJlYWQiOjMwMDAwMDAwMDAwMCwidXBkYXRlIjoxODAwMDAwMDAwMDAwfX0=",
          "dependencies": [
            "azurerm_network_interface.my_terraform_nic",
            "azurerm_network_security_group.my_terraform_nsg",
            "azurerm_public_ip.my_terraform_public_ip",
            "azurerm_resource_group.rg",
            "azurerm_subnet.my_terraform_subnet",
            "azurerm_virtual_network.my_terraform_network",
            "random_pet.prefix"
          ]
        }
      ]
    },
    {
      "mode": "managed",
      "type": "azurerm_network_security_group",
      "name": "my_terraform_nsg",
      "provider": "provider[\"registry.terraform.io/hashicorp/azurerm\"]",
      "instances": [
        {
          "schema_version": 0,
          "attributes": {
            "id": "/subscriptions/ab7291ac-0cbb-4907-8bfb-50df9aef8661/resourceGroups/win-vm-iis-tuna-rg/providers/Microsoft.Network/networkSecurityGroups/win-vm-iis-tuna-nsg",
            "location": "westeurope",
            "name": "win-vm-iis-tuna-nsg",
            "resource_group_name": "win-vm-iis-tuna-rg",
            "security_rule": [
              {
                "access": "Allow",
                "description": "",
                "destination_address_prefix": "*",
                "destination_address_prefixes": [],
                "destination_application_security_group_ids": [],
                "destination_port_range": "3389",
                "destination_port_ranges": [],
                "direction": "Inbound",
                "name": "RDP",
                "priority": 1000,
                "protocol": "*",
                "source_address_prefix": "*",
                "source_address_prefixes": [],
                "source_application_security_group_ids": [],
                "source_port_range": "*",
                "source_port_ranges": []
              },
              {
                "access": "Allow",
                "description": "",
                "destination_address_prefix": "*",
                "destination_address_prefixes": [],
                "destination_application_security_group_ids": [],
                "destination_port_range": "80",
                "destination_port_ranges": [],
                "direction": "Inbound",
                "name": "web",
                "priority": 1001,
                "protocol": "Tcp",
                "source_address_prefix": "*",
                "source_address_prefixes": [],
                "source_application_security_group_ids": [],
                "source_port_range": "*",
                "source_port_ranges": []
              }
            ],
            "tags": {},
            "timeouts": null
          },
          "sensitive_attributes": [],
          "private": "eyJlMmJmYjczMC1lY2FhLTExZTYtOGY4OC0zNDM2M2JjN2M0YzAiOnsiY3JlYXRlIjoxODAwMDAwMDAwMDAwLCJkZWxldGUiOjE4MDAwMDAwMDAwMDAsInJlYWQiOjMwMDAwMDAwMDAwMCwidXBkYXRlIjoxODAwMDAwMDAwMDAwfX0=",
          "dependencies": [
            "azurerm_resource_group.rg",
            "random_pet.prefix"
          ]
        }
      ]
    },
    {
      "mode": "managed",
      "type": "azurerm_public_ip",
      "name": "my_terraform_public_ip",
      "provider": "provider[\"registry.terraform.io/hashicorp/azurerm\"]",
      "instances": [
        {
          "schema_version": 0,
          "attributes": {
            "allocation_method": "Dynamic",
            "ddos_protection_mode": "VirtualNetworkInherited",
            "ddos_protection_plan_id": null,
            "domain_name_label": null,
            "edge_zone": "",
            "fqdn": null,
            "id": "/subscriptions/ab7291ac-0cbb-4907-8bfb-50df9aef8661/resourceGroups/win-vm-iis-tuna-rg/providers/Microsoft.Network/publicIPAddresses/win-vm-iis-tuna-public-ip",
            "idle_timeout_in_minutes": 4,
            "ip_address": "20.73.160.122",
            "ip_tags": {},
            "ip_version": "IPv4",
            "location": "westeurope",
            "name": "win-vm-iis-tuna-public-ip",
            "public_ip_prefix_id": null,
            "resource_group_name": "win-vm-iis-tuna-rg",
            "reverse_fqdn": null,
            "sku": "Basic",
            "sku_tier": "Regional",
            "tags": {},
            "timeouts": null,
            "zones": []
          },
          "sensitive_attributes": [],
          "private": "eyJlMmJmYjczMC1lY2FhLTExZTYtOGY4OC0zNDM2M2JjN2M0YzAiOnsiY3JlYXRlIjoxODAwMDAwMDAwMDAwLCJkZWxldGUiOjE4MDAwMDAwMDAwMDAsInJlYWQiOjMwMDAwMDAwMDAwMCwidXBkYXRlIjoxODAwMDAwMDAwMDAwfX0=",
          "dependencies": [
            "azurerm_resource_group.rg",
            "random_pet.prefix"
          ]
        }
      ]
    },
    {
      "mode": "managed",
      "type": "azurerm_resource_group",
      "name": "rg",
      "provider": "provider[\"registry.terraform.io/hashicorp/azurerm\"]",
      "instances": [
        {
          "schema_version": 0,
          "attributes": {
            "id": "/subscriptions/ab7291ac-0cbb-4907-8bfb-50df9aef8661/resourceGroups/win-vm-iis-tuna-rg",
            "location": "westeurope",
            "managed_by": "",
            "name": "win-vm-iis-tuna-rg",
            "tags": {},
            "timeouts": null
          },
          "sensitive_attributes": [],
          "private": "eyJlMmJmYjczMC1lY2FhLTExZTYtOGY4OC0zNDM2M2JjN2M0YzAiOnsiY3JlYXRlIjo1NDAwMDAwMDAwMDAwLCJkZWxldGUiOjU0MDAwMDAwMDAwMDAsInJlYWQiOjMwMDAwMDAwMDAwMCwidXBkYXRlIjo1NDAwMDAwMDAwMDAwfX0=",
          "dependencies": [
            "random_pet.prefix"
          ]
        }
      ]
    },
    {
      "mode": "managed",
      "type": "azurerm_subnet",
      "name": "my_terraform_subnet",
      "provider": "provider[\"registry.terraform.io/hashicorp/azurerm\"]",
      "instances": [
        {
          "schema_version": 0,
          "attributes": {
            "address_prefixes": [
              "10.0.1.0/24"
            ],
            "delegation": [],
            "enforce_private_link_endpoint_network_policies": false,
            "enforce_private_link_service_network_policies": false,
            "id": "/subscriptions/ab7291ac-0cbb-4907-8bfb-50df9aef8661/resourceGroups/win-vm-iis-tuna-rg/providers/Microsoft.Network/virtualNetworks/win-vm-iis-tuna-vnet/subnets/win-vm-iis-tuna-subnet",
            "name": "win-vm-iis-tuna-subnet",
            "private_endpoint_network_policies_enabled": true,
            "private_link_service_network_policies_enabled": true,
            "resource_group_name": "win-vm-iis-tuna-rg",
            "service_endpoint_policy_ids": [],
            "service_endpoints": [],
            "timeouts": null,
            "virtual_network_name": "win-vm-iis-tuna-vnet"
          },
          "sensitive_attributes": [],
          "private": "eyJlMmJmYjczMC1lY2FhLTExZTYtOGY4OC0zNDM2M2JjN2M0YzAiOnsiY3JlYXRlIjoxODAwMDAwMDAwMDAwLCJkZWxldGUiOjE4MDAwMDAwMDAwMDAsInJlYWQiOjMwMDAwMDAwMDAwMCwidXBkYXRlIjoxODAwMDAwMDAwMDAwfX0=",
          "dependencies": [
            "azurerm_resource_group.rg",
            "azurerm_virtual_network.my_terraform_network",
            "random_pet.prefix"
          ]
        }
      ]
    },
    {
      "mode": "managed",
      "type": "azurerm_virtual_network",
      "name": "my_terraform_network",
      "provider": "provider[\"registry.terraform.io/hashicorp/azurerm\"]",
      "instances": [
        {
          "schema_version": 0,
          "attributes": {
            "address_space": [
              "10.0.0.0/16"
            ],
            "bgp_community": "",
            "ddos_protection_plan": [],
            "dns_servers": [],
            "edge_zone": "",
            "encryption": [],
            "flow_timeout_in_minutes": 0,
            "guid": "e7c87d71-5640-4e20-a226-2fe7997a110c",
            "id": "/subscriptions/ab7291ac-0cbb-4907-8bfb-50df9aef8661/resourceGroups/win-vm-iis-tuna-rg/providers/Microsoft.Network/virtualNetworks/win-vm-iis-tuna-vnet",
            "location": "westeurope",
            "name": "win-vm-iis-tuna-vnet",
            "resource_group_name": "win-vm-iis-tuna-rg",
            "subnet": [
              {
                "address_prefix": "10.0.1.0/24",
                "id": "/subscriptions/ab7291ac-0cbb-4907-8bfb-50df9aef8661/resourceGroups/win-vm-iis-tuna-rg/providers/Microsoft.Network/virtualNetworks/win-vm-iis-tuna-vnet/subnets/win-vm-iis-tuna-subnet",
                "name": "win-vm-iis-tuna-subnet",
                "security_group": ""
              }
            ],
            "tags": {},
            "timeouts": null
          },
          "sensitive_attributes": [],
          "private": "eyJlMmJmYjczMC1lY2FhLTExZTYtOGY4OC0zNDM2M2JjN2M0YzAiOnsiY3JlYXRlIjoxODAwMDAwMDAwMDAwLCJkZWxldGUiOjE4MDAwMDAwMDAwMDAsInJlYWQiOjMwMDAwMDAwMDAwMCwidXBkYXRlIjoxODAwMDAwMDAwMDAwfX0=",
          "dependencies": [
            "azurerm_resource_group.rg",
            "random_pet.prefix"
          ]
        }
      ]
    },
    {
      "mode": "managed",
      "type": "random_pet",
      "name": "prefix",
      "provider": "provider[\"registry.terraform.io/hashicorp/random\"]",
      "instances": [
        {
          "schema_version": 0,
          "attributes": {
            "id": "win-vm-iis-tuna",
            "keepers": null,
            "length": 1,
            "prefix": "win-vm-iis",
            "separator": "-"
          },
          "sensitive_attributes": []
        }
      ]
    }
  ],
  "check_results": null
}
